
Microsoft Visual Studio Solution File, Format Version 12.00
Project("{2150E333-8FDC-42A3-9474-1A3956D46DE8}") = "Client", "Client", "{85FD63DA-037F-4564-A60E-96FEBD398C4C}"
EndProject
Project("{2150E333-8FDC-42A3-9474-1A3956D46DE8}") = "Server", "Server", "{B365B3EC-7738-468C-926A-47F7BDB7F438}"
EndProject
Project("{2150E333-8FDC-42A3-9474-1A3956D46DE8}") = "Web", "Web", "{EAAA034A-E42D-469E-B970-7FB7787566D6}"
EndProject
Project("{FAE04EC0-301F-11D3-BF4B-00C04F79EFBC}") = "HtmlToPdf.API", "Server\HtmlToPdf.API\HtmlToPdf.API.csproj", "{0E156814-A784-49E2-879C-0266FDF62BB0}"
EndProject
Project("{FAE04EC0-301F-11D3-BF4B-00C04F79EFBC}") = "HtmlToPdf.WebWasm", "Client\Web\HtmlToPdf.WebWasm\HtmlToPdf.WebWasm.csproj", "{9D56139F-1EBF-4E68-8682-3E31BF516B29}"
EndProject
Project("{FAE04EC0-301F-11D3-BF4B-00C04F79EFBC}") = "HtmlToPdf.BLL", "Server\HtmlToPdf.BLL\HtmlToPdf.BLL.csproj", "{8ED1667B-E924-4D49-A557-FDC1979B31BE}"
EndProject
Project("{2150E333-8FDC-42A3-9474-1A3956D46DE8}") = "Pipelines", "Pipelines", "{B673E9AD-29D3-403D-BAF8-E864E3DC5011}"
	ProjectSection(SolutionItems) = preProject
		Pipelines\deployment-pipeline.yaml = Pipelines\deployment-pipeline.yaml
	EndProjectSection
EndProject
Project("{2150E333-8FDC-42A3-9474-1A3956D46DE8}") = "BCH", "BCH", "{641721FF-9D08-4698-BB30-D8A2DED44F1E}"
EndProject
Project("{FAE04EC0-301F-11D3-BF4B-00C04F79EFBC}") = "BlazorComponentHeap.Core", "Client\BCH\BlazorComponentHeap.Core\BlazorComponentHeap.Core.csproj", "{0E4F357D-E203-4343-8F74-E94ADE4B7C6E}"
EndProject
Project("{FAE04EC0-301F-11D3-BF4B-00C04F79EFBC}") = "BlazorComponentHeap.Modal", "Client\BCH\BlazorComponentHeap.Modal\BlazorComponentHeap.Modal.csproj", "{9AB0A7A5-8F1D-4480-88B3-5FD0CBD9CA91}"
EndProject
Project("{FAE04EC0-301F-11D3-BF4B-00C04F79EFBC}") = "BlazorComponentHeap.HtmlEditor", "Client\BCH\BlazorComponentHeap.HtmlEditor\BlazorComponentHeap.HtmlEditor.csproj", "{BDF61062-B513-40B3-8F28-B4693ED335D0}"
EndProject
Project("{FAE04EC0-301F-11D3-BF4B-00C04F79EFBC}") = "BlazorComponentHeap.Select", "Client\BCH\BlazorComponentHeap.Select\BlazorComponentHeap.Select.csproj", "{8276E256-600B-447E-8493-B6A69D1FBC52}"
EndProject
Global
	GlobalSection(SolutionConfigurationPlatforms) = preSolution
		Debug|Any CPU = Debug|Any CPU
		Release|Any CPU = Release|Any CPU
	EndGlobalSection
	GlobalSection(NestedProjects) = preSolution
		{EAAA034A-E42D-469E-B970-7FB7787566D6} = {85FD63DA-037F-4564-A60E-96FEBD398C4C}
		{0E156814-A784-49E2-879C-0266FDF62BB0} = {B365B3EC-7738-468C-926A-47F7BDB7F438}
		{9D56139F-1EBF-4E68-8682-3E31BF516B29} = {EAAA034A-E42D-469E-B970-7FB7787566D6}
		{8ED1667B-E924-4D49-A557-FDC1979B31BE} = {B365B3EC-7738-468C-926A-47F7BDB7F438}
		{641721FF-9D08-4698-BB30-D8A2DED44F1E} = {85FD63DA-037F-4564-A60E-96FEBD398C4C}
		{0E4F357D-E203-4343-8F74-E94ADE4B7C6E} = {641721FF-9D08-4698-BB30-D8A2DED44F1E}
		{9AB0A7A5-8F1D-4480-88B3-5FD0CBD9CA91} = {641721FF-9D08-4698-BB30-D8A2DED44F1E}
		{BDF61062-B513-40B3-8F28-B4693ED335D0} = {641721FF-9D08-4698-BB30-D8A2DED44F1E}
		{8276E256-600B-447E-8493-B6A69D1FBC52} = {641721FF-9D08-4698-BB30-D8A2DED44F1E}
	EndGlobalSection
	GlobalSection(ProjectConfigurationPlatforms) = postSolution
		{0E156814-A784-49E2-879C-0266FDF62BB0}.Debug|Any CPU.ActiveCfg = Debug|Any CPU
		{0E156814-A784-49E2-879C-0266FDF62BB0}.Debug|Any CPU.Build.0 = Debug|Any CPU
		{0E156814-A784-49E2-879C-0266FDF62BB0}.Release|Any CPU.ActiveCfg = Release|Any CPU
		{0E156814-A784-49E2-879C-0266FDF62BB0}.Release|Any CPU.Build.0 = Release|Any CPU
		{9D56139F-1EBF-4E68-8682-3E31BF516B29}.Debug|Any CPU.ActiveCfg = Debug|Any CPU
		{9D56139F-1EBF-4E68-8682-3E31BF516B29}.Debug|Any CPU.Build.0 = Debug|Any CPU
		{9D56139F-1EBF-4E68-8682-3E31BF516B29}.Release|Any CPU.ActiveCfg = Release|Any CPU
		{9D56139F-1EBF-4E68-8682-3E31BF516B29}.Release|Any CPU.Build.0 = Release|Any CPU
		{8ED1667B-E924-4D49-A557-FDC1979B31BE}.Debug|Any CPU.ActiveCfg = Debug|Any CPU
		{8ED1667B-E924-4D49-A557-FDC1979B31BE}.Debug|Any CPU.Build.0 = Debug|Any CPU
		{8ED1667B-E924-4D49-A557-FDC1979B31BE}.Release|Any CPU.ActiveCfg = Release|Any CPU
		{8ED1667B-E924-4D49-A557-FDC1979B31BE}.Release|Any CPU.Build.0 = Release|Any CPU
		{0E4F357D-E203-4343-8F74-E94ADE4B7C6E}.Debug|Any CPU.ActiveCfg = Debug|Any CPU
		{0E4F357D-E203-4343-8F74-E94ADE4B7C6E}.Debug|Any CPU.Build.0 = Debug|Any CPU
		{0E4F357D-E203-4343-8F74-E94ADE4B7C6E}.Release|Any CPU.ActiveCfg = Release|Any CPU
		{0E4F357D-E203-4343-8F74-E94ADE4B7C6E}.Release|Any CPU.Build.0 = Release|Any CPU
		{9AB0A7A5-8F1D-4480-88B3-5FD0CBD9CA91}.Debug|Any CPU.ActiveCfg = Debug|Any CPU
		{9AB0A7A5-8F1D-4480-88B3-5FD0CBD9CA91}.Debug|Any CPU.Build.0 = Debug|Any CPU
		{9AB0A7A5-8F1D-4480-88B3-5FD0CBD9CA91}.Release|Any CPU.ActiveCfg = Release|Any CPU
		{9AB0A7A5-8F1D-4480-88B3-5FD0CBD9CA91}.Release|Any CPU.Build.0 = Release|Any CPU
		{BDF61062-B513-40B3-8F28-B4693ED335D0}.Debug|Any CPU.ActiveCfg = Debug|Any CPU
		{BDF61062-B513-40B3-8F28-B4693ED335D0}.Debug|Any CPU.Build.0 = Debug|Any CPU
		{BDF61062-B513-40B3-8F28-B4693ED335D0}.Release|Any CPU.ActiveCfg = Release|Any CPU
		{BDF61062-B513-40B3-8F28-B4693ED335D0}.Release|Any CPU.Build.0 = Release|Any CPU
		{8276E256-600B-447E-8493-B6A69D1FBC52}.Debug|Any CPU.ActiveCfg = Debug|Any CPU
		{8276E256-600B-447E-8493-B6A69D1FBC52}.Debug|Any CPU.Build.0 = Debug|Any CPU
		{8276E256-600B-447E-8493-B6A69D1FBC52}.Release|Any CPU.ActiveCfg = Release|Any CPU
		{8276E256-600B-447E-8493-B6A69D1FBC52}.Release|Any CPU.Build.0 = Release|Any CPU
	EndGlobalSection
EndGlobal
